
Microsoft Visual Studio Solution File, Format Version 12.00
# Visual Studio Version 17
VisualStudioVersion = 17.14.36109.1 d17.14
MinimumVisualStudioVersion = 10.0.40219.1
Project("{FAE04EC0-301F-11D3-BF4B-00C04F79EFBC}") = "DemoEFCorePostgreSQL", "DemoEFCorePostgreSQL.csproj", "{2CF2278C-A3E8-47AD-B024-EDF8555AA265}"
EndProject
Global
	GlobalSection(SolutionConfigurationPlatforms) = preSolution
		Debug|Any CPU = Debug|Any CPU
		Release|Any CPU = Release|Any CPU
	EndGlobalSection
	GlobalSection(ProjectConfigurationPlatforms) = postSolution
		{2CF2278C-A3E8-47AD-B024-EDF8555AA265}.Debug|Any CPU.ActiveCfg = Debug|Any CPU
		{2CF2278C-A3E8-47AD-B024-EDF8555AA265}.Debug|Any CPU.Build.0 = Debug|Any CPU
		{2CF2278C-A3E8-47AD-B024-EDF8555AA265}.Release|Any CPU.ActiveCfg = Release|Any CPU
		{2CF2278C-A3E8-47AD-B024-EDF8555AA265}.Release|Any CPU.Build.0 = Release|Any CPU
	EndGlobalSection
	GlobalSection(SolutionProperties) = preSolution
		HideSolutionNode = FALSE
	EndGlobalSection
	GlobalSection(ExtensibilityGlobals) = postSolution
		SolutionGuid = {8B6466F9-3338-4338-A8CE-AE685CD9DFAD}
	EndGlobalSection
EndGlobal
